
Microsoft Visual Studio Solution File, Format Version 12.00
# Visual Studio Version 17
VisualStudioVersion = 17.13.35825.156
MinimumVisualStudioVersion = 10.0.40219.1
Project("{FAE04EC0-301F-11D3-BF4B-00C04F79EFBC}") = "QdratNew", "QdratNew.csproj", "{3A78B79B-D224-EA1E-BF5C-D88A1400A083}"
EndProject
Project("{FAE04EC0-301F-11D3-BF4B-00C04F79EFBC}") = "QdratNew.Tests", "QdratNew.Tests\QdratNew.Tests.csproj", "{298F1D7B-C9E0-42A7-9026-8E9B0C243D30}"
EndProject
Global
	GlobalSection(SolutionConfigurationPlatforms) = preSolution
		Debug|Any CPU = Debug|Any CPU
		Release|Any CPU = Release|Any CPU
	EndGlobalSection
	GlobalSection(ProjectConfigurationPlatforms) = postSolution
		{3A78B79B-D224-EA1E-BF5C-D88A1400A083}.Debug|Any CPU.ActiveCfg = Debug|Any CPU
		{3A78B79B-D224-EA1E-BF5C-D88A1400A083}.Debug|Any CPU.Build.0 = Debug|Any CPU
		{3A78B79B-D224-EA1E-BF5C-D88A1400A083}.Release|Any CPU.ActiveCfg = Release|Any CPU
		{3A78B79B-D224-EA1E-BF5C-D88A1400A083}.Release|Any CPU.Build.0 = Release|Any CPU
		{298F1D7B-C9E0-42A7-9026-8E9B0C243D30}.Debug|Any CPU.ActiveCfg = Debug|Any CPU
		{298F1D7B-C9E0-42A7-9026-8E9B0C243D30}.Debug|Any CPU.Build.0 = Debug|Any CPU
		{298F1D7B-C9E0-42A7-9026-8E9B0C243D30}.Release|Any CPU.ActiveCfg = Release|Any CPU
		{298F1D7B-C9E0-42A7-9026-8E9B0C243D30}.Release|Any CPU.Build.0 = Release|Any CPU
	EndGlobalSection
	GlobalSection(SolutionProperties) = preSolution
		HideSolutionNode = FALSE
	EndGlobalSection
	GlobalSection(ExtensibilityGlobals) = postSolution
		SolutionGuid = {874A0028-BE00-4B57-829B-0E1D5966E13F}
	EndGlobalSection
EndGlobal
